
Microsoft Visual Studio Solution File, Format Version 12.00
# Visual Studio Version 17
VisualStudioVersion = 17.1.32228.430
MinimumVisualStudioVersion = 10.0.40219.1
Project("{FAE04EC0-301F-11D3-BF4B-00C04F79EFBC}") = "Calculator", "Calculator.csproj", "{DAB54EE0-1AF4-4DBC-A7FF-5D7042A351AE}"
EndProject
Global
	GlobalSection(SolutionConfigurationPlatforms) = preSolution
		Debug|Any CPU = Debug|Any CPU
		Release|Any CPU = Release|Any CPU
	EndGlobalSection
	GlobalSection(ProjectConfigurationPlatforms) = postSolution
		{DAB54EE0-1AF4-4DBC-A7FF-5D7042A351AE}.Debug|Any CPU.ActiveCfg = Debug|Any CPU
		{DAB54EE0-1AF4-4DBC-A7FF-5D7042A351AE}.Debug|Any CPU.Build.0 = Debug|Any CPU
		{DAB54EE0-1AF4-4DBC-A7FF-5D7042A351AE}.Release|Any CPU.ActiveCfg = Release|Any CPU
		{DAB54EE0-1AF4-4DBC-A7FF-5D7042A351AE}.Release|Any CPU.Build.0 = Release|Any CPU
	EndGlobalSection
	GlobalSection(SolutionProperties) = preSolution
		HideSolutionNode = FALSE
	EndGlobalSection
	GlobalSection(ExtensibilityGlobals) = postSolution
		SolutionGuid = {B7886A9A-B0F7-40FB-8F72-EB5ADC0AEED5}
	EndGlobalSection
EndGlobal
